
Microsoft Visual Studio Solution File, Format Version 12.00
# Visual Studio Version 16
VisualStudioVersion = 16.0.31729.503
MinimumVisualStudioVersion = 10.0.40219.1
Project("{FAE04EC0-301F-11D3-BF4B-00C04F79EFBC}") = "EMP_Wage_Day_8", "EMP_Wage_Day_8\EMP_Wage_Day_8.csproj", "{283C771B-136D-40EB-AEE3-C4DB43083064}"
EndProject
Global
	GlobalSection(SolutionConfigurationPlatforms) = preSolution
		Debug|Any CPU = Debug|Any CPU
		Release|Any CPU = Release|Any CPU
	EndGlobalSection
	GlobalSection(ProjectConfigurationPlatforms) = postSolution
		{283C771B-136D-40EB-AEE3-C4DB43083064}.Debug|Any CPU.ActiveCfg = Debug|Any CPU
		{283C771B-136D-40EB-AEE3-C4DB43083064}.Debug|Any CPU.Build.0 = Debug|Any CPU
		{283C771B-136D-40EB-AEE3-C4DB43083064}.Release|Any CPU.ActiveCfg = Release|Any CPU
		{283C771B-136D-40EB-AEE3-C4DB43083064}.Release|Any CPU.Build.0 = Release|Any CPU
	EndGlobalSection
	GlobalSection(SolutionProperties) = preSolution
		HideSolutionNode = FALSE
	EndGlobalSection
	GlobalSection(ExtensibilityGlobals) = postSolution
		SolutionGuid = {691A3E03-A332-4AD6-AD69-527E97FAD3E7}
	EndGlobalSection
EndGlobal
